
Microsoft Visual Studio Solution File, Format Version 12.00
# Visual Studio Version 16
VisualStudioVersion = 16.0.32126.315
MinimumVisualStudioVersion = 10.0.40219.1
Project("{FAE04EC0-301F-11D3-BF4B-00C04F79EFBC}") = "Inheritance_Arac_Sorusu", "Inheritance_Arac_Sorusu\Inheritance_Arac_Sorusu.csproj", "{BF84E7F3-523E-467B-BDDB-92FD135E9FF0}"
EndProject
Project("{FAE04EC0-301F-11D3-BF4B-00C04F79EFBC}") = "Odev_2_Ogrenciler", "Odev_2_Ogrenciler\Odev_2_Ogrenciler.csproj", "{9A9D1A20-027C-4064-9D0E-54115ECD6656}"
EndProject
Global
	GlobalSection(SolutionConfigurationPlatforms) = preSolution
		Debug|Any CPU = Debug|Any CPU
		Release|Any CPU = Release|Any CPU
	EndGlobalSection
	GlobalSection(ProjectConfigurationPlatforms) = postSolution
		{BF84E7F3-523E-467B-BDDB-92FD135E9FF0}.Debug|Any CPU.ActiveCfg = Debug|Any CPU
		{BF84E7F3-523E-467B-BDDB-92FD135E9FF0}.Debug|Any CPU.Build.0 = Debug|Any CPU
		{BF84E7F3-523E-467B-BDDB-92FD135E9FF0}.Release|Any CPU.ActiveCfg = Release|Any CPU
		{BF84E7F3-523E-467B-BDDB-92FD135E9FF0}.Release|Any CPU.Build.0 = Release|Any CPU
		{9A9D1A20-027C-4064-9D0E-54115ECD6656}.Debug|Any CPU.ActiveCfg = Debug|Any CPU
		{9A9D1A20-027C-4064-9D0E-54115ECD6656}.Debug|Any CPU.Build.0 = Debug|Any CPU
		{9A9D1A20-027C-4064-9D0E-54115ECD6656}.Release|Any CPU.ActiveCfg = Release|Any CPU
		{9A9D1A20-027C-4064-9D0E-54115ECD6656}.Release|Any CPU.Build.0 = Release|Any CPU
	EndGlobalSection
	GlobalSection(SolutionProperties) = preSolution
		HideSolutionNode = FALSE
	EndGlobalSection
	GlobalSection(ExtensibilityGlobals) = postSolution
		SolutionGuid = {FCF1E41B-F93E-4F7E-B88D-F9F46A32DCF6}
	EndGlobalSection
EndGlobal
